
Microsoft Visual Studio Solution File, Format Version 12.00
# Visual Studio Version 16
VisualStudioVersion = 16.0.30114.105
MinimumVisualStudioVersion = 10.0.40219.1
Project("{2150E333-8FDC-42A3-9474-1A3956D46DE8}") = "src", "src", "{1B949974-518D-4BD8-947A-7EDA79D2D357}"
EndProject
Project("{FAE04EC0-301F-11D3-BF4B-00C04F79EFBC}") = "CSharp.Blogs.Web", "src\CSharp.Blogs.Web\CSharp.Blogs.Web.csproj", "{94204080-97B0-4E37-B07D-A48EA63BC737}"
EndProject
Project("{FAE04EC0-301F-11D3-BF4B-00C04F79EFBC}") = "CSharp.Blogs.Core", "src\CSharp.Blogs.Core\CSharp.Blogs.Core.csproj", "{DD87FD91-938A-47DA-8043-8A6ACB83B744}"
EndProject
Project("{FAE04EC0-301F-11D3-BF4B-00C04F79EFBC}") = "CSharp.Blogs.Domain", "src\CSharp.Blogs.Domain\CSharp.Blogs.Domain.csproj", "{FE2D664D-580B-4A56-961F-49D27C6B62C7}"
EndProject
Project("{FAE04EC0-301F-11D3-BF4B-00C04F79EFBC}") = "CSharp.Blogs.Application", "src\CSharp.Blogs.Application\CSharp.Blogs.Application.csproj", "{63EBC6B5-07B8-4857-B20B-C838D04E2039}"
EndProject
Project("{FAE04EC0-301F-11D3-BF4B-00C04F79EFBC}") = "CSharp.Blogs.Persistence", "src\CSharp.Blogs.Persistence\CSharp.Blogs.Persistence.csproj", "{6BA4820F-513D-4B44-A87B-D937D71AE93F}"
EndProject
Project("{2150E333-8FDC-42A3-9474-1A3956D46DE8}") = "tests", "tests", "{8D1552D3-40A8-4E66-BB92-62F8188854E1}"
EndProject
Project("{FAE04EC0-301F-11D3-BF4B-00C04F79EFBC}") = "CSharp.Blogs.UnitTests", "tests\CSharp.Blogs.UnitTests\CSharp.Blogs.UnitTests.csproj", "{35A305E2-B4F8-442D-AE5B-B01941675486}"
EndProject
Project("{FAE04EC0-301F-11D3-BF4B-00C04F79EFBC}") = "CSharp.Blogs.IntegrationTests", "tests\CSharp.Blogs.IntegrationTests\CSharp.Blogs.IntegrationTests.csproj", "{3A405165-2C97-43DE-9B9F-B12A3C97CCD8}"
EndProject
Global
	GlobalSection(SolutionConfigurationPlatforms) = preSolution
		Debug|Any CPU = Debug|Any CPU
		Release|Any CPU = Release|Any CPU
	EndGlobalSection
	GlobalSection(SolutionProperties) = preSolution
		HideSolutionNode = FALSE
	EndGlobalSection
	GlobalSection(ProjectConfigurationPlatforms) = postSolution
		{94204080-97B0-4E37-B07D-A48EA63BC737}.Debug|Any CPU.ActiveCfg = Debug|Any CPU
		{94204080-97B0-4E37-B07D-A48EA63BC737}.Debug|Any CPU.Build.0 = Debug|Any CPU
		{94204080-97B0-4E37-B07D-A48EA63BC737}.Release|Any CPU.ActiveCfg = Release|Any CPU
		{94204080-97B0-4E37-B07D-A48EA63BC737}.Release|Any CPU.Build.0 = Release|Any CPU
		{DD87FD91-938A-47DA-8043-8A6ACB83B744}.Debug|Any CPU.ActiveCfg = Debug|Any CPU
		{DD87FD91-938A-47DA-8043-8A6ACB83B744}.Debug|Any CPU.Build.0 = Debug|Any CPU
		{DD87FD91-938A-47DA-8043-8A6ACB83B744}.Release|Any CPU.ActiveCfg = Release|Any CPU
		{DD87FD91-938A-47DA-8043-8A6ACB83B744}.Release|Any CPU.Build.0 = Release|Any CPU
		{FE2D664D-580B-4A56-961F-49D27C6B62C7}.Debug|Any CPU.ActiveCfg = Debug|Any CPU
		{FE2D664D-580B-4A56-961F-49D27C6B62C7}.Debug|Any CPU.Build.0 = Debug|Any CPU
		{FE2D664D-580B-4A56-961F-49D27C6B62C7}.Release|Any CPU.ActiveCfg = Release|Any CPU
		{FE2D664D-580B-4A56-961F-49D27C6B62C7}.Release|Any CPU.Build.0 = Release|Any CPU
		{63EBC6B5-07B8-4857-B20B-C838D04E2039}.Debug|Any CPU.ActiveCfg = Debug|Any CPU
		{63EBC6B5-07B8-4857-B20B-C838D04E2039}.Debug|Any CPU.Build.0 = Debug|Any CPU
		{63EBC6B5-07B8-4857-B20B-C838D04E2039}.Release|Any CPU.ActiveCfg = Release|Any CPU
		{63EBC6B5-07B8-4857-B20B-C838D04E2039}.Release|Any CPU.Build.0 = Release|Any CPU
		{6BA4820F-513D-4B44-A87B-D937D71AE93F}.Debug|Any CPU.ActiveCfg = Debug|Any CPU
		{6BA4820F-513D-4B44-A87B-D937D71AE93F}.Debug|Any CPU.Build.0 = Debug|Any CPU
		{6BA4820F-513D-4B44-A87B-D937D71AE93F}.Release|Any CPU.ActiveCfg = Release|Any CPU
		{6BA4820F-513D-4B44-A87B-D937D71AE93F}.Release|Any CPU.Build.0 = Release|Any CPU
		{35A305E2-B4F8-442D-AE5B-B01941675486}.Debug|Any CPU.ActiveCfg = Debug|Any CPU
		{35A305E2-B4F8-442D-AE5B-B01941675486}.Debug|Any CPU.Build.0 = Debug|Any CPU
		{35A305E2-B4F8-442D-AE5B-B01941675486}.Release|Any CPU.ActiveCfg = Release|Any CPU
		{35A305E2-B4F8-442D-AE5B-B01941675486}.Release|Any CPU.Build.0 = Release|Any CPU
		{3A405165-2C97-43DE-9B9F-B12A3C97CCD8}.Debug|Any CPU.ActiveCfg = Debug|Any CPU
		{3A405165-2C97-43DE-9B9F-B12A3C97CCD8}.Debug|Any CPU.Build.0 = Debug|Any CPU
		{3A405165-2C97-43DE-9B9F-B12A3C97CCD8}.Release|Any CPU.ActiveCfg = Release|Any CPU
		{3A405165-2C97-43DE-9B9F-B12A3C97CCD8}.Release|Any CPU.Build.0 = Release|Any CPU
	EndGlobalSection
	GlobalSection(NestedProjects) = preSolution
		{94204080-97B0-4E37-B07D-A48EA63BC737} = {1B949974-518D-4BD8-947A-7EDA79D2D357}
		{DD87FD91-938A-47DA-8043-8A6ACB83B744} = {1B949974-518D-4BD8-947A-7EDA79D2D357}
		{FE2D664D-580B-4A56-961F-49D27C6B62C7} = {1B949974-518D-4BD8-947A-7EDA79D2D357}
		{63EBC6B5-07B8-4857-B20B-C838D04E2039} = {1B949974-518D-4BD8-947A-7EDA79D2D357}
		{6BA4820F-513D-4B44-A87B-D937D71AE93F} = {1B949974-518D-4BD8-947A-7EDA79D2D357}
		{35A305E2-B4F8-442D-AE5B-B01941675486} = {8D1552D3-40A8-4E66-BB92-62F8188854E1}
		{3A405165-2C97-43DE-9B9F-B12A3C97CCD8} = {8D1552D3-40A8-4E66-BB92-62F8188854E1}
	EndGlobalSection
EndGlobal
